
Microsoft Visual Studio Solution File, Format Version 12.00
# Visual Studio Version 17
VisualStudioVersion = 17.9.34607.119
MinimumVisualStudioVersion = 10.0.40219.1
Project("{FAE04EC0-301F-11D3-BF4B-00C04F79EFBC}") = "Ex20", "Ex20\Ex20.csproj", "{DFE80523-BB1D-455D-B712-35146BFF380B}"
EndProject
Global
	GlobalSection(SolutionConfigurationPlatforms) = preSolution
		Debug|Any CPU = Debug|Any CPU
		Release|Any CPU = Release|Any CPU
	EndGlobalSection
	GlobalSection(ProjectConfigurationPlatforms) = postSolution
		{DFE80523-BB1D-455D-B712-35146BFF380B}.Debug|Any CPU.ActiveCfg = Debug|Any CPU
		{DFE80523-BB1D-455D-B712-35146BFF380B}.Debug|Any CPU.Build.0 = Debug|Any CPU
		{DFE80523-BB1D-455D-B712-35146BFF380B}.Release|Any CPU.ActiveCfg = Release|Any CPU
		{DFE80523-BB1D-455D-B712-35146BFF380B}.Release|Any CPU.Build.0 = Release|Any CPU
	EndGlobalSection
	GlobalSection(SolutionProperties) = preSolution
		HideSolutionNode = FALSE
	EndGlobalSection
	GlobalSection(ExtensibilityGlobals) = postSolution
		SolutionGuid = {8711E853-E682-4079-8831-5EA93CBC3EAF}
	EndGlobalSection
EndGlobal
